<?xml version="1.0" encoding="utf-8"?>
<Project ToolsVersion="4.0" xmlns="http://schemas.microsoft.com/developer/msbuild/2003">
  <ItemGroup>
    <Filter Include="AIEvents">
      <UniqueIdentifier>{89e3f52e-fabb-440e-b071-1caeed3e337b}</UniqueIdentifier>
    </Filter>
    <Filter Include="Input">
      <UniqueIdentifier>{9600b22a-6924-4f2a-96e5-d2f4022537b5}</UniqueIdentifier>
    </Filter>
    <Filter Include="Actors">
      <UniqueIdentifier>{8d619a21-b750-45ba-ab71-a06321c28333}</UniqueIdentifier>
    </Filter>
    <Filter Include="AI">
      <UniqueIdentifier>{7757977e-a93b-4ae9-900e-05b1ed59d00d}</UniqueIdentifier>
    </Filter>
    <Filter Include="Util">
      <UniqueIdentifier>{847e0d06-74ec-4f64-8e57-6c79704406f2}</UniqueIdentifier>
    </Filter>
    <Filter Include="Infrastructure">
      <UniqueIdentifier>{365b9880-26d2-4d9d-be87-688ba41ab080}</UniqueIdentifier>
    </Filter>
    <Filter Include="Messaging">
      <UniqueIdentifier>{9e23870e-0624-4065-8427-2343feb5a313}</UniqueIdentifier>
    </Filter>
    <Filter Include="Scripting">
      <UniqueIdentifier>{3ebdd17b-fa3d-442b-a6f3-dea454919084}</UniqueIdentifier>
    </Filter>
    <Filter Include="Scripting\Interfaces">
      <UniqueIdentifier>{627acd09-6eec-4ad9-a396-5e82ae901cdf}</UniqueIdentifier>
    </Filter>
    <Filter Include="Scripting\EngineScripts">
      <UniqueIdentifier>{d14529ab-e4b6-4d8d-998d-5dd81613276a}</UniqueIdentifier>
    </Filter>
  </ItemGroup>
  <ItemGroup>
    <ClCompile Include="AIEvents\GotoAIEvent.cpp">
      <Filter>AIEvents</Filter>
    </ClCompile>
    <ClCompile Include="AIEvents\GotoTargetAIEvent.cpp">
      <Filter>AIEvents</Filter>
    </ClCompile>
    <ClCompile Include="AIEvents\NamedEventAIEvent.cpp">
      <Filter>AIEvents</Filter>
    </ClCompile>
    <ClCompile Include="AIEvents\TimerAIEvent.cpp">
      <Filter>AIEvents</Filter>
    </ClCompile>
    <ClCompile Include="AIEvents\TraversalAIEvent.cpp">
      <Filter>AIEvents</Filter>
    </ClCompile>
    <ClCompile Include="Input\Controller.cpp">
      <Filter>Input</Filter>
    </ClCompile>
    <ClCompile Include="Input\Input.cpp">
      <Filter>Input</Filter>
    </ClCompile>
    <ClCompile Include="Input\InputManager.cpp">
      <Filter>Input</Filter>
    </ClCompile>
    <ClCompile Include="Input\MobileSimulator.cpp">
      <Filter>Input</Filter>
    </ClCompile>
    <ClCompile Include="Input\MouseInput.cpp">
      <Filter>Input</Filter>
    </ClCompile>
    <ClCompile Include="Input\MultiTouch.cpp">
      <Filter>Input</Filter>
    </ClCompile>
    <ClCompile Include="Actors\Actor.cpp">
      <Filter>Actors</Filter>
    </ClCompile>
    <ClCompile Include="Actors\FullScreenActor.cpp">
      <Filter>Actors</Filter>
    </ClCompile>
    <ClCompile Include="Actors\GridActor.cpp">
      <Filter>Actors</Filter>
    </ClCompile>
    <ClCompile Include="Actors\HUDActor.cpp">
      <Filter>Actors</Filter>
    </ClCompile>
    <ClCompile Include="Actors\ParticleActor.cpp">
      <Filter>Actors</Filter>
    </ClCompile>
    <ClCompile Include="Actors\PhysicsActor.cpp">
      <Filter>Actors</Filter>
    </ClCompile>
    <ClCompile Include="Actors\TextActor.cpp">
      <Filter>Actors</Filter>
    </ClCompile>
    <ClCompile Include="AI\BoundingShapes.cpp">
      <Filter>AI</Filter>
    </ClCompile>
    <ClCompile Include="AI\Brain.cpp">
      <Filter>AI</Filter>
    </ClCompile>
    <ClCompile Include="AI\PathFinder.cpp">
      <Filter>AI</Filter>
    </ClCompile>
    <ClCompile Include="AI\Ray2.cpp">
      <Filter>AI</Filter>
    </ClCompile>
    <ClCompile Include="AI\Sentient.cpp">
      <Filter>AI</Filter>
    </ClCompile>
    <ClCompile Include="AI\SpatialGraph.cpp">
      <Filter>AI</Filter>
    </ClCompile>
    <ClCompile Include="AI\Traversal.cpp">
      <Filter>AI</Filter>
    </ClCompile>
    <ClCompile Include="Util\DrawUtil.cpp">
      <Filter>Util</Filter>
    </ClCompile>
    <ClCompile Include="Util\FileUtil.cpp">
      <Filter>Util</Filter>
    </ClCompile>
    <ClCompile Include="Util\MathUtil.cpp">
      <Filter>Util</Filter>
    </ClCompile>
    <ClCompile Include="Util\StringUtil.cpp">
      <Filter>Util</Filter>
    </ClCompile>
    <ClCompile Include="Infrastructure\Camera.cpp">
      <Filter>Infrastructure</Filter>
    </ClCompile>
    <ClCompile Include="Infrastructure\Color.cpp">
      <Filter>Infrastructure</Filter>
    </ClCompile>
    <ClCompile Include="Infrastructure\Console.cpp">
      <Filter>Infrastructure</Filter>
    </ClCompile>
    <ClCompile Include="Infrastructure\GameManager.cpp">
      <Filter>Infrastructure</Filter>
    </ClCompile>
    <ClCompile Include="Infrastructure\Log.cpp">
      <Filter>Infrastructure</Filter>
    </ClCompile>
    <ClCompile Include="Infrastructure\Preferences.cpp">
      <Filter>Infrastructure</Filter>
    </ClCompile>
    <ClCompile Include="Infrastructure\RenderableIterator.cpp">
      <Filter>Infrastructure</Filter>
    </ClCompile>
    <ClCompile Include="Infrastructure\SoundDevice.cpp">
      <Filter>Infrastructure</Filter>
    </ClCompile>
    <ClCompile Include="Infrastructure\stdafx.cpp">
      <Filter>Infrastructure</Filter>
    </ClCompile>
    <ClCompile Include="Infrastructure\TagCollection.cpp">
      <Filter>Infrastructure</Filter>
    </ClCompile>
    <ClCompile Include="Infrastructure\TextRendering.cpp">
      <Filter>Infrastructure</Filter>
    </ClCompile>
    <ClCompile Include="Infrastructure\Textures.cpp">
      <Filter>Infrastructure</Filter>
    </ClCompile>
    <ClCompile Include="Infrastructure\TuningVariable.cpp">
      <Filter>Infrastructure</Filter>
    </ClCompile>
    <ClCompile Include="Infrastructure\Vector2.cpp">
      <Filter>Infrastructure</Filter>
    </ClCompile>
    <ClCompile Include="Infrastructure\Vector3.cpp">
      <Filter>Infrastructure</Filter>
    </ClCompile>
    <ClCompile Include="Infrastructure\World.cpp">
      <Filter>Infrastructure</Filter>
    </ClCompile>
    <ClCompile Include="Messaging\Message.cpp">
      <Filter>Messaging</Filter>
    </ClCompile>
    <ClCompile Include="Messaging\Switchboard.cpp">
      <Filter>Messaging</Filter>
    </ClCompile>
    <ClCompile Include="Scripting\LuaConsole.cpp">
      <Filter>Scripting</Filter>
    </ClCompile>
    <ClCompile Include="Scripting\LuaModule.cpp">
      <Filter>Scripting</Filter>
    </ClCompile>
  </ItemGroup>
  <ItemGroup>
    <ClInclude Include="AIEvents\GotoAIEvent.h">
      <Filter>AIEvents</Filter>
    </ClInclude>
    <ClInclude Include="AIEvents\GotoTargetAIEvent.h">
      <Filter>AIEvents</Filter>
    </ClInclude>
    <ClInclude Include="AIEvents\NamedEventAIEvent.h">
      <Filter>AIEvents</Filter>
    </ClInclude>
    <ClInclude Include="AIEvents\TimerAIEvent.h">
      <Filter>AIEvents</Filter>
    </ClInclude>
    <ClInclude Include="AIEvents\TraversalAIEvent.h">
      <Filter>AIEvents</Filter>
    </ClInclude>
    <ClInclude Include="Input\Controller.h">
      <Filter>Input</Filter>
    </ClInclude>
    <ClInclude Include="Input\Input.h">
      <Filter>Input</Filter>
    </ClInclude>
    <ClInclude Include="Input\InputKeys.h">
      <Filter>Input</Filter>
    </ClInclude>
    <ClInclude Include="Input\InputManager.h">
      <Filter>Input</Filter>
    </ClInclude>
    <ClInclude Include="Input\MobileSimulator.h">
      <Filter>Input</Filter>
    </ClInclude>
    <ClInclude Include="Input\MouseInput.h">
      <Filter>Input</Filter>
    </ClInclude>
    <ClInclude Include="Input\MultiTouch.h">
      <Filter>Input</Filter>
    </ClInclude>
    <ClInclude Include="Actors\Actor.h">
      <Filter>Actors</Filter>
    </ClInclude>
    <ClInclude Include="Actors\FullScreenActor.h">
      <Filter>Actors</Filter>
    </ClInclude>
    <ClInclude Include="Actors\GridActor.h">
      <Filter>Actors</Filter>
    </ClInclude>
    <ClInclude Include="Actors\HUDActor.h">
      <Filter>Actors</Filter>
    </ClInclude>
    <ClInclude Include="Actors\ParticleActor.h">
      <Filter>Actors</Filter>
    </ClInclude>
    <ClInclude Include="Actors\PhysicsActor.h">
      <Filter>Actors</Filter>
    </ClInclude>
    <ClInclude Include="Actors\TextActor.h">
      <Filter>Actors</Filter>
    </ClInclude>
    <ClInclude Include="AI\BoundingShapes.h">
      <Filter>AI</Filter>
    </ClInclude>
    <ClInclude Include="AI\Brain.h">
      <Filter>AI</Filter>
    </ClInclude>
    <ClInclude Include="AI\PathFinder.h">
      <Filter>AI</Filter>
    </ClInclude>
    <ClInclude Include="AI\Ray2.h">
      <Filter>AI</Filter>
    </ClInclude>
    <ClInclude Include="AI\Sentient.h">
      <Filter>AI</Filter>
    </ClInclude>
    <ClInclude Include="AI\SpatialGraph.h">
      <Filter>AI</Filter>
    </ClInclude>
    <ClInclude Include="AI\stlastar.h">
      <Filter>AI</Filter>
    </ClInclude>
    <ClInclude Include="AI\Traversal.h">
      <Filter>AI</Filter>
    </ClInclude>
    <ClInclude Include="Infrastructure\Callback.h">
      <Filter>Util</Filter>
    </ClInclude>
    <ClInclude Include="Util\DrawUtil.h">
      <Filter>Util</Filter>
    </ClInclude>
    <ClInclude Include="Util\FileUtil.h">
      <Filter>Util</Filter>
    </ClInclude>
    <ClInclude Include="Util\MathUtil.h">
      <Filter>Util</Filter>
    </ClInclude>
    <ClInclude Include="Util\StringUtil.h">
      <Filter>Util</Filter>
    </ClInclude>
    <ClInclude Include="Infrastructure\Camera.h">
      <Filter>Infrastructure</Filter>
    </ClInclude>
    <ClInclude Include="Infrastructure\Color.h">
      <Filter>Infrastructure</Filter>
    </ClInclude>
    <ClInclude Include="Infrastructure\Common.h">
      <Filter>Infrastructure</Filter>
    </ClInclude>
    <ClInclude Include="Infrastructure\Console.h">
      <Filter>Infrastructure</Filter>
    </ClInclude>
    <ClInclude Include="Infrastructure\DebugDraw.h">
      <Filter>Infrastructure</Filter>
    </ClInclude>
    <ClInclude Include="Infrastructure\GameManager.h">
      <Filter>Infrastructure</Filter>
    </ClInclude>
    <ClInclude Include="Infrastructure\Interval.h">
      <Filter>Infrastructure</Filter>
    </ClInclude>
    <ClInclude Include="Infrastructure\LoadedVariable.h">
      <Filter>Infrastructure</Filter>
    </ClInclude>
    <ClInclude Include="Infrastructure\Log.h">
      <Filter>Infrastructure</Filter>
    </ClInclude>
    <ClInclude Include="Infrastructure\Preferences.h">
      <Filter>Infrastructure</Filter>
    </ClInclude>
    <ClInclude Include="Infrastructure\Renderable.h">
      <Filter>Infrastructure</Filter>
    </ClInclude>
    <ClInclude Include="Infrastructure\RenderableIterator.h">
      <Filter>Infrastructure</Filter>
    </ClInclude>
    <ClInclude Include="Infrastructure\SoundDevice.h">
      <Filter>Infrastructure</Filter>
    </ClInclude>
    <ClInclude Include="Infrastructure\stdafx.h">
      <Filter>Infrastructure</Filter>
    </ClInclude>
    <ClInclude Include="Infrastructure\TagCollection.h">
      <Filter>Infrastructure</Filter>
    </ClInclude>
    <ClInclude Include="Infrastructure\TextRendering.h">
      <Filter>Infrastructure</Filter>
    </ClInclude>
    <ClInclude Include="Infrastructure\Textures.h">
      <Filter>Infrastructure</Filter>
    </ClInclude>
    <ClInclude Include="Infrastructure\TuningVariable.h">
      <Filter>Infrastructure</Filter>
    </ClInclude>
    <ClInclude Include="Infrastructure\VecStructs.h">
      <Filter>Infrastructure</Filter>
    </ClInclude>
    <ClInclude Include="Infrastructure\Vector2.h">
      <Filter>Infrastructure</Filter>
    </ClInclude>
    <ClInclude Include="Infrastructure\Vector3.h">
      <Filter>Infrastructure</Filter>
    </ClInclude>
    <ClInclude Include="Infrastructure\World.h">
      <Filter>Infrastructure</Filter>
    </ClInclude>
    <ClInclude Include="Messaging\Message.h">
      <Filter>Messaging</Filter>
    </ClInclude>
    <ClInclude Include="Messaging\Switchboard.h">
      <Filter>Messaging</Filter>
    </ClInclude>
    <ClInclude Include="Scripting\LuaConsole.h">
      <Filter>Scripting</Filter>
    </ClInclude>
    <ClInclude Include="Scripting\LuaModule.h">
      <Filter>Scripting</Filter>
    </ClInclude>
    <ClInclude Include="Angel.h" />
    <ClInclude Include="AngelConfig.h" />
  </ItemGroup>
  <ItemGroup>
    <None Include="Scripting\Interfaces\actor.i">
      <Filter>Scripting\Interfaces</Filter>
    </None>
    <None Include="Scripting\Interfaces\angel.i">
      <Filter>Scripting\Interfaces</Filter>
    </None>
    <None Include="Scripting\Interfaces\camera.i">
      <Filter>Scripting\Interfaces</Filter>
    </None>
    <None Include="Scripting\Interfaces\color.i">
      <Filter>Scripting\Interfaces</Filter>
    </None>
    <None Include="Scripting\Interfaces\console.i">
      <Filter>Scripting\Interfaces</Filter>
    </None>
    <None Include="Scripting\Interfaces\controller.i">
      <Filter>Scripting\Interfaces</Filter>
    </None>
    <None Include="Scripting\Interfaces\log.i">
      <Filter>Scripting\Interfaces</Filter>
    </None>
    <None Include="Scripting\Interfaces\messaging.i">
      <Filter>Scripting\Interfaces</Filter>
    </None>
    <None Include="Scripting\Interfaces\mouse.i">
      <Filter>Scripting\Interfaces</Filter>
    </None>
    <None Include="Scripting\Interfaces\multitouch.i">
      <Filter>Scripting\Interfaces</Filter>
    </None>
    <None Include="Scripting\Interfaces\particles.i">
      <Filter>Scripting\Interfaces</Filter>
    </None>
    <None Include="Scripting\Interfaces\physics_actor.i">
      <Filter>Scripting\Interfaces</Filter>
    </None>
    <None Include="Scripting\Interfaces\preferences.i">
      <Filter>Scripting\Interfaces</Filter>
    </None>
    <None Include="Scripting\Interfaces\renderable.i">
      <Filter>Scripting\Interfaces</Filter>
    </None>
    <None Include="Scripting\Interfaces\sound.i">
      <Filter>Scripting\Interfaces</Filter>
    </None>
    <None Include="Scripting\Interfaces\text_actor.i">
      <Filter>Scripting\Interfaces</Filter>
    </None>
    <None Include="Scripting\Interfaces\tuning.i">
      <Filter>Scripting\Interfaces</Filter>
    </None>
    <None Include="Scripting\Interfaces\vector2.i">
      <Filter>Scripting\Interfaces</Filter>
    </None>
    <None Include="Scripting\Interfaces\world.i">
      <Filter>Scripting\Interfaces</Filter>
    </None>
    <None Include="Scripting\EngineScripts\autocomplete.lua">
      <Filter>Scripting\EngineScripts</Filter>
    </None>
    <None Include="Scripting\EngineScripts\conf_load.lua">
      <Filter>Scripting\EngineScripts</Filter>
    </None>
    <None Include="Scripting\EngineScripts\pref_load.lua">
      <Filter>Scripting\EngineScripts</Filter>
    </None>
    <None Include="Scripting\EngineScripts\start.lua">
      <Filter>Scripting\EngineScripts</Filter>
    </None>
    <None Include="Scripting\EngineScripts\sugar.lua">
      <Filter>Scripting\EngineScripts</Filter>
    </None>
    <None Include="Scripting\EngineScripts\util.lua">
      <Filter>Scripting\EngineScripts</Filter>
    </None>
  </ItemGroup>
</Project>